// !$*UTF8*$!
{
	archiveVersion = 1;
	classes = {
	};
	objectVersion = 51;
	objects = {

/* Begin PBXBuildFile section */
		3D0FF52C235BE81700FBEBD1 /* TournamentDetailViewController.swift in Sources */ = {isa = PBXBuildFile; fileRef = 3D0FF52B235BE81700FBEBD1 /* TournamentDetailViewController.swift */; };
		3D0FF52E235BE96600FBEBD1 /* TournamentMatchesViewController.swift in Sources */ = {isa = PBXBuildFile; fileRef = 3D0FF52D235BE96600FBEBD1 /* TournamentMatchesViewController.swift */; };
		3D0FF532235C11AC00FBEBD1 /* TournamentStandingsViewController.swift in Sources */ = {isa = PBXBuildFile; fileRef = 3D0FF531235C11AC00FBEBD1 /* TournamentStandingsViewController.swift */; };
		3D0FF534235C124600FBEBD1 /* StandingViewCell.swift in Sources */ = {isa = PBXBuildFile; fileRef = 3D0FF533235C124600FBEBD1 /* StandingViewCell.swift */; };
		3D0FF536235C6C1400FBEBD1 /* LauncherViewController.swift in Sources */ = {isa = PBXBuildFile; fileRef = 3D0FF535235C6C1400FBEBD1 /* LauncherViewController.swift */; };
		3D0FF538235C7D0800FBEBD1 /* UITableView+Extension.swift in Sources */ = {isa = PBXBuildFile; fileRef = 3D0FF537235C7D0800FBEBD1 /* UITableView+Extension.swift */; };
		3D0FF53A235C9D4F00FBEBD1 /* ProfileViewController.swift in Sources */ = {isa = PBXBuildFile; fileRef = 3D0FF539235C9D4F00FBEBD1 /* ProfileViewController.swift */; };
		3D0FF53C235DDE9C00FBEBD1 /* RecordMatchScoreViewController.swift in Sources */ = {isa = PBXBuildFile; fileRef = 3D0FF53B235DDE9C00FBEBD1 /* RecordMatchScoreViewController.swift */; };
		3D0FF53E235F228F00FBEBD1 /* TournamentMatchViewCell.swift in Sources */ = {isa = PBXBuildFile; fileRef = 3D0FF53D235F228F00FBEBD1 /* TournamentMatchViewCell.swift */; };
		3D29A917234CA6EB008858B9 /* AppDelegate.swift in Sources */ = {isa = PBXBuildFile; fileRef = 3D29A916234CA6EB008858B9 /* AppDelegate.swift */; };
		3D29A91B234CA6EB008858B9 /* HomeTabViewController.swift in Sources */ = {isa = PBXBuildFile; fileRef = 3D29A91A234CA6EB008858B9 /* HomeTabViewController.swift */; };
		3D29A91E234CA6EB008858B9 /* Main.storyboard in Resources */ = {isa = PBXBuildFile; fileRef = 3D29A91C234CA6EB008858B9 /* Main.storyboard */; };
		3D29A920234CA6ED008858B9 /* Assets.xcassets in Resources */ = {isa = PBXBuildFile; fileRef = 3D29A91F234CA6ED008858B9 /* Assets.xcassets */; };
		3D29A923234CA6ED008858B9 /* LaunchScreen.storyboard in Resources */ = {isa = PBXBuildFile; fileRef = 3D29A921234CA6ED008858B9 /* LaunchScreen.storyboard */; };
		3D29A92E234CA884008858B9 /* GoogleService-Info.plist in Resources */ = {isa = PBXBuildFile; fileRef = 3D29A92D234CA884008858B9 /* GoogleService-Info.plist */; };
		3D7A7DBE235198A2002E8F02 /* ChooseGroupViewController.swift in Sources */ = {isa = PBXBuildFile; fileRef = 3D7A7DBD235198A2002E8F02 /* ChooseGroupViewController.swift */; };
		3D7A7DC023519E02002E8F02 /* GroupTournamentsViewController.swift in Sources */ = {isa = PBXBuildFile; fileRef = 3D7A7DBF23519E02002E8F02 /* GroupTournamentsViewController.swift */; };
		3D7A7DC223519F29002E8F02 /* UserDefaultsKey.swift in Sources */ = {isa = PBXBuildFile; fileRef = 3D7A7DC123519F29002E8F02 /* UserDefaultsKey.swift */; };
		3D7A7DC423530B9D002E8F02 /* TournamentViewCell.swift in Sources */ = {isa = PBXBuildFile; fileRef = 3D7A7DC323530B9D002E8F02 /* TournamentViewCell.swift */; };
		3D960DE92355FBA400008239 /* GenericUtility.swift in Sources */ = {isa = PBXBuildFile; fileRef = 3D960DE82355FBA400008239 /* GenericUtility.swift */; };
		3D960DEB235A750C00008239 /* Team.swift in Sources */ = {isa = PBXBuildFile; fileRef = 3D960DEA235A750C00008239 /* Team.swift */; };
		3D960DED235A751D00008239 /* Player.swift in Sources */ = {isa = PBXBuildFile; fileRef = 3D960DEC235A751D00008239 /* Player.swift */; };
		3D960DEF235A752700008239 /* Match.swift in Sources */ = {isa = PBXBuildFile; fileRef = 3D960DEE235A752700008239 /* Match.swift */; };
		3D99E46823548A9C007D3897 /* EnterNameViewController.swift in Sources */ = {isa = PBXBuildFile; fileRef = 3D99E46723548A9C007D3897 /* EnterNameViewController.swift */; };
		3D99E46B23548AEA007D3897 /* CreateTournament.swift in Sources */ = {isa = PBXBuildFile; fileRef = 3D99E46A23548AEA007D3897 /* CreateTournament.swift */; };
		3D99E46D23548B69007D3897 /* TournamentType.swift in Sources */ = {isa = PBXBuildFile; fileRef = 3D99E46C23548B69007D3897 /* TournamentType.swift */; };
		3D99E46F2354920F007D3897 /* SelectPlayersViewController.swift in Sources */ = {isa = PBXBuildFile; fileRef = 3D99E46E2354920F007D3897 /* SelectPlayersViewController.swift */; };
		3D99E47123549530007D3897 /* PlayerViewCell.swift in Sources */ = {isa = PBXBuildFile; fileRef = 3D99E47023549530007D3897 /* PlayerViewCell.swift */; };
		3D99E4732355EC1C007D3897 /* TeamsViewController.swift in Sources */ = {isa = PBXBuildFile; fileRef = 3D99E4722355EC1C007D3897 /* TeamsViewController.swift */; };
		3D99E4752355EC32007D3897 /* MatchesViewController.swift in Sources */ = {isa = PBXBuildFile; fileRef = 3D99E4742355EC32007D3897 /* MatchesViewController.swift */; };
		3D99E4772355ED30007D3897 /* TeamViewCell.swift in Sources */ = {isa = PBXBuildFile; fileRef = 3D99E4762355ED30007D3897 /* TeamViewCell.swift */; };
		3D99E4792355ED3D007D3897 /* MatchViewCell.swift in Sources */ = {isa = PBXBuildFile; fileRef = 3D99E4782355ED3D007D3897 /* MatchViewCell.swift */; };
		3DBC3430234F47B20021909D /* GroupsViewVontroller.swift in Sources */ = {isa = PBXBuildFile; fileRef = 3DBC342F234F47B20021909D /* GroupsViewVontroller.swift */; };
		3DBC3432234F4B170021909D /* GroupViewCell.swift in Sources */ = {isa = PBXBuildFile; fileRef = 3DBC3431234F4B170021909D /* GroupViewCell.swift */; };
		3DBC3434234F4E8F0021909D /* DatabaseFields.swift in Sources */ = {isa = PBXBuildFile; fileRef = 3DBC3433234F4E8F0021909D /* DatabaseFields.swift */; };
		3DBC3436234F599A0021909D /* UIColor+Extension.swift in Sources */ = {isa = PBXBuildFile; fileRef = 3DBC3435234F599A0021909D /* UIColor+Extension.swift */; };
		3DBC3438234F62760021909D /* UICollectionView+Extension.swift in Sources */ = {isa = PBXBuildFile; fileRef = 3DBC3437234F62760021909D /* UICollectionView+Extension.swift */; };
		3DBC343A234F68980021909D /* CreateGroupViewController.swift in Sources */ = {isa = PBXBuildFile; fileRef = 3DBC3439234F68980021909D /* CreateGroupViewController.swift */; };
		B571B22A4BC9DAEB842EE153 /* Pods_foostourney.framework in Frameworks */ = {isa = PBXBuildFile; fileRef = 6CD6727EC08D36987344666D /* Pods_foostourney.framework */; };
/* End PBXBuildFile section */

/* Begin PBXFileReference section */
		36BA564F30793310B5075350 /* Pods-foostourney.release.xcconfig */ = {isa = PBXFileReference; includeInIndex = 1; lastKnownFileType = text.xcconfig; name = "Pods-foostourney.release.xcconfig"; path = "Target Support Files/Pods-foostourney/Pods-foostourney.release.xcconfig"; sourceTree = "<group>"; };
		3D0FF52B235BE81700FBEBD1 /* TournamentDetailViewController.swift */ = {isa = PBXFileReference; lastKnownFileType = sourcecode.swift; path = TournamentDetailViewController.swift; sourceTree = "<group>"; };
		3D0FF52D235BE96600FBEBD1 /* TournamentMatchesViewController.swift */ = {isa = PBXFileReference; lastKnownFileType = sourcecode.swift; path = TournamentMatchesViewController.swift; sourceTree = "<group>"; };
		3D0FF531235C11AC00FBEBD1 /* TournamentStandingsViewController.swift */ = {isa = PBXFileReference; lastKnownFileType = sourcecode.swift; path = TournamentStandingsViewController.swift; sourceTree = "<group>"; };
		3D0FF533235C124600FBEBD1 /* StandingViewCell.swift */ = {isa = PBXFileReference; lastKnownFileType = sourcecode.swift; path = StandingViewCell.swift; sourceTree = "<group>"; };
		3D0FF535235C6C1400FBEBD1 /* LauncherViewController.swift */ = {isa = PBXFileReference; lastKnownFileType = sourcecode.swift; path = LauncherViewController.swift; sourceTree = "<group>"; };
		3D0FF537235C7D0800FBEBD1 /* UITableView+Extension.swift */ = {isa = PBXFileReference; lastKnownFileType = sourcecode.swift; path = "UITableView+Extension.swift"; sourceTree = "<group>"; };
		3D0FF539235C9D4F00FBEBD1 /* ProfileViewController.swift */ = {isa = PBXFileReference; lastKnownFileType = sourcecode.swift; path = ProfileViewController.swift; sourceTree = "<group>"; };
		3D0FF53B235DDE9C00FBEBD1 /* RecordMatchScoreViewController.swift */ = {isa = PBXFileReference; lastKnownFileType = sourcecode.swift; path = RecordMatchScoreViewController.swift; sourceTree = "<group>"; };
		3D0FF53D235F228F00FBEBD1 /* TournamentMatchViewCell.swift */ = {isa = PBXFileReference; lastKnownFileType = sourcecode.swift; path = TournamentMatchViewCell.swift; sourceTree = "<group>"; };
		3D29A913234CA6EB008858B9 /* foostourney.app */ = {isa = PBXFileReference; explicitFileType = wrapper.application; includeInIndex = 0; path = foostourney.app; sourceTree = BUILT_PRODUCTS_DIR; };
		3D29A916234CA6EB008858B9 /* AppDelegate.swift */ = {isa = PBXFileReference; lastKnownFileType = sourcecode.swift; path = AppDelegate.swift; sourceTree = "<group>"; };
		3D29A91A234CA6EB008858B9 /* HomeTabViewController.swift */ = {isa = PBXFileReference; lastKnownFileType = sourcecode.swift; path = HomeTabViewController.swift; sourceTree = "<group>"; };
		3D29A91D234CA6EB008858B9 /* Base */ = {isa = PBXFileReference; lastKnownFileType = file.storyboard; name = Base; path = Base.lproj/Main.storyboard; sourceTree = "<group>"; };
		3D29A91F234CA6ED008858B9 /* Assets.xcassets */ = {isa = PBXFileReference; lastKnownFileType = folder.assetcatalog; path = Assets.xcassets; sourceTree = "<group>"; };
		3D29A922234CA6ED008858B9 /* Base */ = {isa = PBXFileReference; lastKnownFileType = file.storyboard; name = Base; path = Base.lproj/LaunchScreen.storyboard; sourceTree = "<group>"; };
		3D29A924234CA6ED008858B9 /* Info.plist */ = {isa = PBXFileReference; lastKnownFileType = text.plist.xml; path = Info.plist; sourceTree = "<group>"; };
		3D29A92D234CA884008858B9 /* GoogleService-Info.plist */ = {isa = PBXFileReference; fileEncoding = 4; lastKnownFileType = text.plist.xml; path = "GoogleService-Info.plist"; sourceTree = "<group>"; };
		3D7A7DBD235198A2002E8F02 /* ChooseGroupViewController.swift */ = {isa = PBXFileReference; lastKnownFileType = sourcecode.swift; path = ChooseGroupViewController.swift; sourceTree = "<group>"; };
		3D7A7DBF23519E02002E8F02 /* GroupTournamentsViewController.swift */ = {isa = PBXFileReference; lastKnownFileType = sourcecode.swift; path = GroupTournamentsViewController.swift; sourceTree = "<group>"; };
		3D7A7DC123519F29002E8F02 /* UserDefaultsKey.swift */ = {isa = PBXFileReference; lastKnownFileType = sourcecode.swift; path = UserDefaultsKey.swift; sourceTree = "<group>"; };
		3D7A7DC323530B9D002E8F02 /* TournamentViewCell.swift */ = {isa = PBXFileReference; lastKnownFileType = sourcecode.swift; path = TournamentViewCell.swift; sourceTree = "<group>"; };
		3D960DE82355FBA400008239 /* GenericUtility.swift */ = {isa = PBXFileReference; lastKnownFileType = sourcecode.swift; path = GenericUtility.swift; sourceTree = "<group>"; };
		3D960DEA235A750C00008239 /* Team.swift */ = {isa = PBXFileReference; lastKnownFileType = sourcecode.swift; path = Team.swift; sourceTree = "<group>"; };
		3D960DEC235A751D00008239 /* Player.swift */ = {isa = PBXFileReference; lastKnownFileType = sourcecode.swift; path = Player.swift; sourceTree = "<group>"; };
		3D960DEE235A752700008239 /* Match.swift */ = {isa = PBXFileReference; lastKnownFileType = sourcecode.swift; path = Match.swift; sourceTree = "<group>"; };
		3D99E46723548A9C007D3897 /* EnterNameViewController.swift */ = {isa = PBXFileReference; lastKnownFileType = sourcecode.swift; path = EnterNameViewController.swift; sourceTree = "<group>"; };
		3D99E46A23548AEA007D3897 /* CreateTournament.swift */ = {isa = PBXFileReference; lastKnownFileType = sourcecode.swift; name = CreateTournament.swift; path = "../../../../FoosTourney/foostourney/Model/Create Tournament/CreateTournament.swift"; sourceTree = "<group>"; };
		3D99E46C23548B69007D3897 /* TournamentType.swift */ = {isa = PBXFileReference; lastKnownFileType = sourcecode.swift; name = TournamentType.swift; path = ../../../FoosTourney/foostourney/Model/TournamentType.swift; sourceTree = "<group>"; };
		3D99E46E2354920F007D3897 /* SelectPlayersViewController.swift */ = {isa = PBXFileReference; lastKnownFileType = sourcecode.swift; path = SelectPlayersViewController.swift; sourceTree = "<group>"; };
		3D99E47023549530007D3897 /* PlayerViewCell.swift */ = {isa = PBXFileReference; lastKnownFileType = sourcecode.swift; name = PlayerViewCell.swift; path = "../../../../FoosTourney/foostourney/Controller/Create Tournament/PlayerViewCell.swift"; sourceTree = "<group>"; };
		3D99E4722355EC1C007D3897 /* TeamsViewController.swift */ = {isa = PBXFileReference; lastKnownFileType = sourcecode.swift; path = TeamsViewController.swift; sourceTree = "<group>"; };
		3D99E4742355EC32007D3897 /* MatchesViewController.swift */ = {isa = PBXFileReference; lastKnownFileType = sourcecode.swift; path = MatchesViewController.swift; sourceTree = "<group>"; };
		3D99E4762355ED30007D3897 /* TeamViewCell.swift */ = {isa = PBXFileReference; lastKnownFileType = sourcecode.swift; name = TeamViewCell.swift; path = "../../../../FoosTourney/foostourney/Controller/Create Tournament/TeamViewCell.swift"; sourceTree = "<group>"; };
		3D99E4782355ED3D007D3897 /* MatchViewCell.swift */ = {isa = PBXFileReference; lastKnownFileType = sourcecode.swift; name = MatchViewCell.swift; path = "../../../../FoosTourney/foostourney/Controller/Create Tournament/MatchViewCell.swift"; sourceTree = "<group>"; };
		3DBC342F234F47B20021909D /* GroupsViewVontroller.swift */ = {isa = PBXFileReference; lastKnownFileType = sourcecode.swift; path = GroupsViewVontroller.swift; sourceTree = "<group>"; };
		3DBC3431234F4B170021909D /* GroupViewCell.swift */ = {isa = PBXFileReference; lastKnownFileType = sourcecode.swift; path = GroupViewCell.swift; sourceTree = "<group>"; };
		3DBC3433234F4E8F0021909D /* DatabaseFields.swift */ = {isa = PBXFileReference; lastKnownFileType = sourcecode.swift; path = DatabaseFields.swift; sourceTree = "<group>"; };
		3DBC3435234F599A0021909D /* UIColor+Extension.swift */ = {isa = PBXFileReference; lastKnownFileType = sourcecode.swift; path = "UIColor+Extension.swift"; sourceTree = "<group>"; };
		3DBC3437234F62760021909D /* UICollectionView+Extension.swift */ = {isa = PBXFileReference; lastKnownFileType = sourcecode.swift; path = "UICollectionView+Extension.swift"; sourceTree = "<group>"; };
		3DBC3439234F68980021909D /* CreateGroupViewController.swift */ = {isa = PBXFileReference; lastKnownFileType = sourcecode.swift; path = CreateGroupViewController.swift; sourceTree = "<group>"; };
		6CD6727EC08D36987344666D /* Pods_foostourney.framework */ = {isa = PBXFileReference; explicitFileType = wrapper.framework; includeInIndex = 0; path = Pods_foostourney.framework; sourceTree = BUILT_PRODUCTS_DIR; };
		7DDA2D4BAEA3F3C35C67AEF4 /* Pods-foostourney.debug.xcconfig */ = {isa = PBXFileReference; includeInIndex = 1; lastKnownFileType = text.xcconfig; name = "Pods-foostourney.debug.xcconfig"; path = "Target Support Files/Pods-foostourney/Pods-foostourney.debug.xcconfig"; sourceTree = "<group>"; };
/* End PBXFileReference section */

/* Begin PBXFrameworksBuildPhase section */
		3D29A910234CA6EB008858B9 /* Frameworks */ = {
			isa = PBXFrameworksBuildPhase;
			buildActionMask = 2147483647;
			files = (
				B571B22A4BC9DAEB842EE153 /* Pods_foostourney.framework in Frameworks */,
			);
			runOnlyForDeploymentPostprocessing = 0;
		};
/* End PBXFrameworksBuildPhase section */

/* Begin PBXGroup section */
		2448CFAC2E16660014E6E6FF /* Frameworks */ = {
			isa = PBXGroup;
			children = (
				6CD6727EC08D36987344666D /* Pods_foostourney.framework */,
			);
			name = Frameworks;
			sourceTree = "<group>";
		};
		3D29A90A234CA6EB008858B9 = {
			isa = PBXGroup;
			children = (
				3D29A915234CA6EB008858B9 /* foostourney */,
				3D29A914234CA6EB008858B9 /* Products */,
				71BDF4C34BD8DD89DF9C8397 /* Pods */,
				2448CFAC2E16660014E6E6FF /* Frameworks */,
			);
			sourceTree = "<group>";
		};
		3D29A914234CA6EB008858B9 /* Products */ = {
			isa = PBXGroup;
			children = (
				3D29A913234CA6EB008858B9 /* foostourney.app */,
			);
			name = Products;
			sourceTree = "<group>";
		};
		3D29A915234CA6EB008858B9 /* foostourney */ = {
			isa = PBXGroup;
			children = (
				3D960DE72355FB9200008239 /* Utils */,
				3D29A92D234CA884008858B9 /* GoogleService-Info.plist */,
				3D29A92C234CA7FC008858B9 /* Controller */,
				3D29A92B234CA7F8008858B9 /* View */,
				3D29A92A234CA7EC008858B9 /* Model */,
				3D29A916234CA6EB008858B9 /* AppDelegate.swift */,
				3D29A924234CA6ED008858B9 /* Info.plist */,
			);
			path = foostourney;
			sourceTree = "<group>";
		};
		3D29A92A234CA7EC008858B9 /* Model */ = {
			isa = PBXGroup;
			children = (
				3D99E46923548ACC007D3897 /* Create Tournament */,
				3DBC3433234F4E8F0021909D /* DatabaseFields.swift */,
				3D7A7DC123519F29002E8F02 /* UserDefaultsKey.swift */,
				3D99E46C23548B69007D3897 /* TournamentType.swift */,
			);
			path = Model;
			sourceTree = "<group>";
		};
		3D29A92B234CA7F8008858B9 /* View */ = {
			isa = PBXGroup;
			children = (
				3D29A91C234CA6EB008858B9 /* Main.storyboard */,
				3D29A91F234CA6ED008858B9 /* Assets.xcassets */,
				3D29A921234CA6ED008858B9 /* LaunchScreen.storyboard */,
				3DBC3435234F599A0021909D /* UIColor+Extension.swift */,
			);
			path = View;
			sourceTree = "<group>";
		};
		3D29A92C234CA7FC008858B9 /* Controller */ = {
			isa = PBXGroup;
			children = (
				3D99E46623548A60007D3897 /* Create Tournament */,
				3D29A91A234CA6EB008858B9 /* HomeTabViewController.swift */,
				3DBC342F234F47B20021909D /* GroupsViewVontroller.swift */,
				3DBC3431234F4B170021909D /* GroupViewCell.swift */,
				3DBC3437234F62760021909D /* UICollectionView+Extension.swift */,
				3DBC3439234F68980021909D /* CreateGroupViewController.swift */,
				3D7A7DBD235198A2002E8F02 /* ChooseGroupViewController.swift */,
				3D7A7DBF23519E02002E8F02 /* GroupTournamentsViewController.swift */,
				3D7A7DC323530B9D002E8F02 /* TournamentViewCell.swift */,
				3D0FF52B235BE81700FBEBD1 /* TournamentDetailViewController.swift */,
				3D0FF52D235BE96600FBEBD1 /* TournamentMatchesViewController.swift */,
				3D0FF531235C11AC00FBEBD1 /* TournamentStandingsViewController.swift */,
				3D0FF533235C124600FBEBD1 /* StandingViewCell.swift */,
				3D0FF535235C6C1400FBEBD1 /* LauncherViewController.swift */,
				3D0FF537235C7D0800FBEBD1 /* UITableView+Extension.swift */,
				3D0FF539235C9D4F00FBEBD1 /* ProfileViewController.swift */,
				3D0FF53B235DDE9C00FBEBD1 /* RecordMatchScoreViewController.swift */,
				3D0FF53D235F228F00FBEBD1 /* TournamentMatchViewCell.swift */,
			);
			path = Controller;
			sourceTree = "<group>";
		};
		3D960DE72355FB9200008239 /* Utils */ = {
			isa = PBXGroup;
			children = (
				3D960DE82355FBA400008239 /* GenericUtility.swift */,
			);
			path = Utils;
			sourceTree = "<group>";
		};
		3D99E46623548A60007D3897 /* Create Tournament */ = {
			isa = PBXGroup;
			children = (
				3D99E46723548A9C007D3897 /* EnterNameViewController.swift */,
				3D99E46E2354920F007D3897 /* SelectPlayersViewController.swift */,
				3D99E47023549530007D3897 /* PlayerViewCell.swift */,
				3D99E4722355EC1C007D3897 /* TeamsViewController.swift */,
				3D99E4742355EC32007D3897 /* MatchesViewController.swift */,
				3D99E4762355ED30007D3897 /* TeamViewCell.swift */,
				3D99E4782355ED3D007D3897 /* MatchViewCell.swift */,
			);
			path = "Create Tournament";
			sourceTree = "<group>";
		};
		3D99E46923548ACC007D3897 /* Create Tournament */ = {
			isa = PBXGroup;
			children = (
				3D99E46A23548AEA007D3897 /* CreateTournament.swift */,
				3D960DEA235A750C00008239 /* Team.swift */,
				3D960DEC235A751D00008239 /* Player.swift */,
				3D960DEE235A752700008239 /* Match.swift */,
			);
			path = "Create Tournament";
			sourceTree = "<group>";
		};
		71BDF4C34BD8DD89DF9C8397 /* Pods */ = {
			isa = PBXGroup;
			children = (
				7DDA2D4BAEA3F3C35C67AEF4 /* Pods-foostourney.debug.xcconfig */,
				36BA564F30793310B5075350 /* Pods-foostourney.release.xcconfig */,
			);
			path = Pods;
			sourceTree = "<group>";
		};
/* End PBXGroup section */

/* Begin PBXNativeTarget section */
		3D29A912234CA6EB008858B9 /* foostourney */ = {
			isa = PBXNativeTarget;
			buildConfigurationList = 3D29A927234CA6ED008858B9 /* Build configuration list for PBXNativeTarget "foostourney" */;
			buildPhases = (
				57D38B1F6226B08C913BABE8 /* [CP] Check Pods Manifest.lock */,
				3D29A90F234CA6EB008858B9 /* Sources */,
				3D29A910234CA6EB008858B9 /* Frameworks */,
				3D29A911234CA6EB008858B9 /* Resources */,
				E4F5FCF55ADF5FAC70554C5A /* [CP] Embed Pods Frameworks */,
				BEA57723539ABE4BC1317016 /* [CP] Copy Pods Resources */,
			);
			buildRules = (
			);
			dependencies = (
			);
			name = foostourney;
			productName = foostourney;
			productReference = 3D29A913234CA6EB008858B9 /* foostourney.app */;
			productType = "com.apple.product-type.application";
		};
/* End PBXNativeTarget section */

/* Begin PBXProject section */
		3D29A90B234CA6EB008858B9 /* Project object */ = {
			isa = PBXProject;
			attributes = {
				LastSwiftUpdateCheck = 1100;
				LastUpgradeCheck = 1100;
				ORGANIZATIONNAME = "Mahesh Chauhan";
				TargetAttributes = {
					3D29A912234CA6EB008858B9 = {
						CreatedOnToolsVersion = 11.0;
					};
				};
			};
			buildConfigurationList = 3D29A90E234CA6EB008858B9 /* Build configuration list for PBXProject "foostourney" */;
			compatibilityVersion = "Xcode 9.3";
			developmentRegion = en;
			hasScannedForEncodings = 0;
			knownRegions = (
				en,
				Base,
			);
			mainGroup = 3D29A90A234CA6EB008858B9;
			productRefGroup = 3D29A914234CA6EB008858B9 /* Products */;
			projectDirPath = "";
			projectRoot = "";
			targets = (
				3D29A912234CA6EB008858B9 /* foostourney */,
			);
		};
/* End PBXProject section */

/* Begin PBXResourcesBuildPhase section */
		3D29A911234CA6EB008858B9 /* Resources */ = {
			isa = PBXResourcesBuildPhase;
			buildActionMask = 2147483647;
			files = (
				3D29A923234CA6ED008858B9 /* LaunchScreen.storyboard in Resources */,
				3D29A92E234CA884008858B9 /* GoogleService-Info.plist in Resources */,
				3D29A920234CA6ED008858B9 /* Assets.xcassets in Resources */,
				3D29A91E234CA6EB008858B9 /* Main.storyboard in Resources */,
			);
			runOnlyForDeploymentPostprocessing = 0;
		};
/* End PBXResourcesBuildPhase section */

/* Begin PBXShellScriptBuildPhase section */
		57D38B1F6226B08C913BABE8 /* [CP] Check Pods Manifest.lock */ = {
			isa = PBXShellScriptBuildPhase;
			buildActionMask = 2147483647;
			files = (
			);
			inputFileListPaths = (
			);
			inputPaths = (
				"${PODS_PODFILE_DIR_PATH}/Podfile.lock",
				"${PODS_ROOT}/Manifest.lock",
			);
			name = "[CP] Check Pods Manifest.lock";
			outputFileListPaths = (
			);
			outputPaths = (
				"$(DERIVED_FILE_DIR)/Pods-foostourney-checkManifestLockResult.txt",
			);
			runOnlyForDeploymentPostprocessing = 0;
			shellPath = /bin/sh;
			shellScript = "diff \"${PODS_PODFILE_DIR_PATH}/Podfile.lock\" \"${PODS_ROOT}/Manifest.lock\" > /dev/null\nif [ $? != 0 ] ; then\n    # print error to STDERR\n    echo \"error: The sandbox is not in sync with the Podfile.lock. Run 'pod install' or update your CocoaPods installation.\" >&2\n    exit 1\nfi\n# This output is used by Xcode 'outputs' to avoid re-running this script phase.\necho \"SUCCESS\" > \"${SCRIPT_OUTPUT_FILE_0}\"\n";
			showEnvVarsInLog = 0;
		};
		BEA57723539ABE4BC1317016 /* [CP] Copy Pods Resources */ = {
			isa = PBXShellScriptBuildPhase;
			buildActionMask = 2147483647;
			files = (
			);
			inputFileListPaths = (
				"${PODS_ROOT}/Target Support Files/Pods-foostourney/Pods-foostourney-resources-${CONFIGURATION}-input-files.xcfilelist",
			);
			name = "[CP] Copy Pods Resources";
			outputFileListPaths = (
				"${PODS_ROOT}/Target Support Files/Pods-foostourney/Pods-foostourney-resources-${CONFIGURATION}-output-files.xcfilelist",
			);
			runOnlyForDeploymentPostprocessing = 0;
			shellPath = /bin/sh;
			shellScript = "\"${PODS_ROOT}/Target Support Files/Pods-foostourney/Pods-foostourney-resources.sh\"\n";
			showEnvVarsInLog = 0;
		};
		E4F5FCF55ADF5FAC70554C5A /* [CP] Embed Pods Frameworks */ = {
			isa = PBXShellScriptBuildPhase;
			buildActionMask = 2147483647;
			files = (
			);
			inputFileListPaths = (
				"${PODS_ROOT}/Target Support Files/Pods-foostourney/Pods-foostourney-frameworks-${CONFIGURATION}-input-files.xcfilelist",
			);
			name = "[CP] Embed Pods Frameworks";
			outputFileListPaths = (
				"${PODS_ROOT}/Target Support Files/Pods-foostourney/Pods-foostourney-frameworks-${CONFIGURATION}-output-files.xcfilelist",
			);
			runOnlyForDeploymentPostprocessing = 0;
			shellPath = /bin/sh;
			shellScript = "\"${PODS_ROOT}/Target Support Files/Pods-foostourney/Pods-foostourney-frameworks.sh\"\n";
			showEnvVarsInLog = 0;
		};
/* End PBXShellScriptBuildPhase section */

/* Begin PBXSourcesBuildPhase section */
		3D29A90F234CA6EB008858B9 /* Sources */ = {
			isa = PBXSourcesBuildPhase;
			buildActionMask = 2147483647;
			files = (
				3D7A7DBE235198A2002E8F02 /* ChooseGroupViewController.swift in Sources */,
				3D99E47123549530007D3897 /* PlayerViewCell.swift in Sources */,
				3DBC3434234F4E8F0021909D /* DatabaseFields.swift in Sources */,
				3D99E46F2354920F007D3897 /* SelectPlayersViewController.swift in Sources */,
				3D960DED235A751D00008239 /* Player.swift in Sources */,
				3DBC3438234F62760021909D /* UICollectionView+Extension.swift in Sources */,
				3D0FF53A235C9D4F00FBEBD1 /* ProfileViewController.swift in Sources */,
				3D7A7DC023519E02002E8F02 /* GroupTournamentsViewController.swift in Sources */,
				3DBC343A234F68980021909D /* CreateGroupViewController.swift in Sources */,
				3D99E4772355ED30007D3897 /* TeamViewCell.swift in Sources */,
				3DBC3436234F599A0021909D /* UIColor+Extension.swift in Sources */,
				3D0FF53E235F228F00FBEBD1 /* TournamentMatchViewCell.swift in Sources */,
				3D99E4732355EC1C007D3897 /* TeamsViewController.swift in Sources */,
				3D0FF534235C124600FBEBD1 /* StandingViewCell.swift in Sources */,
				3D29A91B234CA6EB008858B9 /* HomeTabViewController.swift in Sources */,
				3D99E46D23548B69007D3897 /* TournamentType.swift in Sources */,
				3D0FF53C235DDE9C00FBEBD1 /* RecordMatchScoreViewController.swift in Sources */,
				3D29A917234CA6EB008858B9 /* AppDelegate.swift in Sources */,
				3D0FF52E235BE96600FBEBD1 /* TournamentMatchesViewController.swift in Sources */,
				3D0FF536235C6C1400FBEBD1 /* LauncherViewController.swift in Sources */,
				3DBC3432234F4B170021909D /* GroupViewCell.swift in Sources */,
				3DBC3430234F47B20021909D /* GroupsViewVontroller.swift in Sources */,
				3D0FF52C235BE81700FBEBD1 /* TournamentDetailViewController.swift in Sources */,
				3D99E4752355EC32007D3897 /* MatchesViewController.swift in Sources */,
				3D7A7DC223519F29002E8F02 /* UserDefaultsKey.swift in Sources */,
				3D960DEF235A752700008239 /* Match.swift in Sources */,
				3D0FF532235C11AC00FBEBD1 /* TournamentStandingsViewController.swift in Sources */,
				3D0FF538235C7D0800FBEBD1 /* UITableView+Extension.swift in Sources */,
				3D99E4792355ED3D007D3897 /* MatchViewCell.swift in Sources */,
				3D960DE92355FBA400008239 /* GenericUtility.swift in Sources */,
				3D960DEB235A750C00008239 /* Team.swift in Sources */,
				3D99E46823548A9C007D3897 /* EnterNameViewController.swift in Sources */,
				3D99E46B23548AEA007D3897 /* CreateTournament.swift in Sources */,
				3D7A7DC423530B9D002E8F02 /* TournamentViewCell.swift in Sources */,
			);
			runOnlyForDeploymentPostprocessing = 0;
		};
/* End PBXSourcesBuildPhase section */

/* Begin PBXVariantGroup section */
		3D29A91C234CA6EB008858B9 /* Main.storyboard */ = {
			isa = PBXVariantGroup;
			children = (
				3D29A91D234CA6EB008858B9 /* Base */,
			);
			name = Main.storyboard;
			sourceTree = "<group>";
		};
		3D29A921234CA6ED008858B9 /* LaunchScreen.storyboard */ = {
			isa = PBXVariantGroup;
			children = (
				3D29A922234CA6ED008858B9 /* Base */,
			);
			name = LaunchScreen.storyboard;
			sourceTree = "<group>";
		};
/* End PBXVariantGroup section */

/* Begin XCBuildConfiguration section */
		3D29A925234CA6ED008858B9 /* Debug */ = {
			isa = XCBuildConfiguration;
			buildSettings = {
				ALWAYS_SEARCH_USER_PATHS = NO;
				CLANG_ANALYZER_NONNULL = YES;
				CLANG_ANALYZER_NUMBER_OBJECT_CONVERSION = YES_AGGRESSIVE;
				CLANG_CXX_LANGUAGE_STANDARD = "gnu++14";
				CLANG_CXX_LIBRARY = "libc++";
				CLANG_ENABLE_MODULES = YES;
				CLANG_ENABLE_OBJC_ARC = YES;
				CLANG_ENABLE_OBJC_WEAK = YES;
				CLANG_WARN_BLOCK_CAPTURE_AUTORELEASING = YES;
				CLANG_WARN_BOOL_CONVERSION = YES;
				CLANG_WARN_COMMA = YES;
				CLANG_WARN_CONSTANT_CONVERSION = YES;
				CLANG_WARN_DEPRECATED_OBJC_IMPLEMENTATIONS = YES;
				CLANG_WARN_DIRECT_OBJC_ISA_USAGE = YES_ERROR;
				CLANG_WARN_DOCUMENTATION_COMMENTS = YES;
				CLANG_WARN_EMPTY_BODY = YES;
				CLANG_WARN_ENUM_CONVERSION = YES;
				CLANG_WARN_INFINITE_RECURSION = YES;
				CLANG_WARN_INT_CONVERSION = YES;
				CLANG_WARN_NON_LITERAL_NULL_CONVERSION = YES;
				CLANG_WARN_OBJC_IMPLICIT_RETAIN_SELF = YES;
				CLANG_WARN_OBJC_LITERAL_CONVERSION = YES;
				CLANG_WARN_OBJC_ROOT_CLASS = YES_ERROR;
				CLANG_WARN_RANGE_LOOP_ANALYSIS = YES;
				CLANG_WARN_STRICT_PROTOTYPES = YES;
				CLANG_WARN_SUSPICIOUS_MOVE = YES;
				CLANG_WARN_UNGUARDED_AVAILABILITY = YES_AGGRESSIVE;
				CLANG_WARN_UNREACHABLE_CODE = YES;
				CLANG_WARN__DUPLICATE_METHOD_MATCH = YES;
				COPY_PHASE_STRIP = NO;
				DEBUG_INFORMATION_FORMAT = dwarf;
				ENABLE_STRICT_OBJC_MSGSEND = YES;
				ENABLE_TESTABILITY = YES;
				GCC_C_LANGUAGE_STANDARD = gnu11;
				GCC_DYNAMIC_NO_PIC = NO;
				GCC_NO_COMMON_BLOCKS = YES;
				GCC_OPTIMIZATION_LEVEL = 0;
				GCC_PREPROCESSOR_DEFINITIONS = (
					"DEBUG=1",
					"$(inherited)",
				);
				GCC_WARN_64_TO_32_BIT_CONVERSION = YES;
				GCC_WARN_ABOUT_RETURN_TYPE = YES_ERROR;
				GCC_WARN_UNDECLARED_SELECTOR = YES;
				GCC_WARN_UNINITIALIZED_AUTOS = YES_AGGRESSIVE;
				GCC_WARN_UNUSED_FUNCTION = YES;
				GCC_WARN_UNUSED_VARIABLE = YES;
				IPHONEOS_DEPLOYMENT_TARGET = 13.0;
				MTL_ENABLE_DEBUG_INFO = INCLUDE_SOURCE;
				MTL_FAST_MATH = YES;
				ONLY_ACTIVE_ARCH = YES;
				SDKROOT = iphoneos;
				SWIFT_ACTIVE_COMPILATION_CONDITIONS = DEBUG;
				SWIFT_OPTIMIZATION_LEVEL = "-Onone";
			};
			name = Debug;
		};
		3D29A926234CA6ED008858B9 /* Release */ = {
			isa = XCBuildConfiguration;
			buildSettings = {
				ALWAYS_SEARCH_USER_PATHS = NO;
				CLANG_ANALYZER_NONNULL = YES;
				CLANG_ANALYZER_NUMBER_OBJECT_CONVERSION = YES_AGGRESSIVE;
				CLANG_CXX_LANGUAGE_STANDARD = "gnu++14";
				CLANG_CXX_LIBRARY = "libc++";
				CLANG_ENABLE_MODULES = YES;
				CLANG_ENABLE_OBJC_ARC = YES;
				CLANG_ENABLE_OBJC_WEAK = YES;
				CLANG_WARN_BLOCK_CAPTURE_AUTORELEASING = YES;
				CLANG_WARN_BOOL_CONVERSION = YES;
				CLANG_WARN_COMMA = YES;
				CLANG_WARN_CONSTANT_CONVERSION = YES;
				CLANG_WARN_DEPRECATED_OBJC_IMPLEMENTATIONS = YES;
				CLANG_WARN_DIRECT_OBJC_ISA_USAGE = YES_ERROR;
				CLANG_WARN_DOCUMENTATION_COMMENTS = YES;
				CLANG_WARN_EMPTY_BODY = YES;
				CLANG_WARN_ENUM_CONVERSION = YES;
				CLANG_WARN_INFINITE_RECURSION = YES;
				CLANG_WARN_INT_CONVERSION = YES;
				CLANG_WARN_NON_LITERAL_NULL_CONVERSION = YES;
				CLANG_WARN_OBJC_IMPLICIT_RETAIN_SELF = YES;
				CLANG_WARN_OBJC_LITERAL_CONVERSION = YES;
				CLANG_WARN_OBJC_ROOT_CLASS = YES_ERROR;
				CLANG_WARN_RANGE_LOOP_ANALYSIS = YES;
				CLANG_WARN_STRICT_PROTOTYPES = YES;
				CLANG_WARN_SUSPICIOUS_MOVE = YES;
				CLANG_WARN_UNGUARDED_AVAILABILITY = YES_AGGRESSIVE;
				CLANG_WARN_UNREACHABLE_CODE = YES;
				CLANG_WARN__DUPLICATE_METHOD_MATCH = YES;
				COPY_PHASE_STRIP = NO;
				DEBUG_INFORMATION_FORMAT = "dwarf-with-dsym";
				ENABLE_NS_ASSERTIONS = NO;
				ENABLE_STRICT_OBJC_MSGSEND = YES;
				GCC_C_LANGUAGE_STANDARD = gnu11;
				GCC_NO_COMMON_BLOCKS = YES;
				GCC_WARN_64_TO_32_BIT_CONVERSION = YES;
				GCC_WARN_ABOUT_RETURN_TYPE = YES_ERROR;
				GCC_WARN_UNDECLARED_SELECTOR = YES;
				GCC_WARN_UNINITIALIZED_AUTOS = YES_AGGRESSIVE;
				GCC_WARN_UNUSED_FUNCTION = YES;
				GCC_WARN_UNUSED_VARIABLE = YES;
				IPHONEOS_DEPLOYMENT_TARGET = 13.0;
				MTL_ENABLE_DEBUG_INFO = NO;
				MTL_FAST_MATH = YES;
				SDKROOT = iphoneos;
				SWIFT_COMPILATION_MODE = wholemodule;
				SWIFT_OPTIMIZATION_LEVEL = "-O";
				VALIDATE_PRODUCT = YES;
			};
			name = Release;
		};
		3D29A928234CA6ED008858B9 /* Debug */ = {
			isa = XCBuildConfiguration;
			baseConfigurationReference = 7DDA2D4BAEA3F3C35C67AEF4 /* Pods-foostourney.debug.xcconfig */;
			buildSettings = {
				ASSETCATALOG_COMPILER_APPICON_NAME = AppIcon;
				CODE_SIGN_STYLE = Automatic;
				DEVELOPMENT_TEAM = WQ8DULD42L;
				INFOPLIST_FILE = foostourney/Info.plist;
				LD_RUNPATH_SEARCH_PATHS = (
					"$(inherited)",
					"@executable_path/Frameworks",
				);
				PRODUCT_BUNDLE_IDENTIFIER = com.mactech.foostourney;
				PRODUCT_NAME = "$(TARGET_NAME)";
				SWIFT_VERSION = 5.0;
				TARGETED_DEVICE_FAMILY = 1;
			};
			name = Debug;
		};
		3D29A929234CA6ED008858B9 /* Release */ = {
			isa = XCBuildConfiguration;
			baseConfigurationReference = 36BA564F30793310B5075350 /* Pods-foostourney.release.xcconfig */;
			buildSettings = {
				ASSETCATALOG_COMPILER_APPICON_NAME = AppIcon;
				CODE_SIGN_STYLE = Automatic;
				DEVELOPMENT_TEAM = WQ8DULD42L;
				INFOPLIST_FILE = foostourney/Info.plist;
				LD_RUNPATH_SEARCH_PATHS = (
					"$(inherited)",
					"@executable_path/Frameworks",
				);
				PRODUCT_BUNDLE_IDENTIFIER = com.mactech.foostourney;
				PRODUCT_NAME = "$(TARGET_NAME)";
				SWIFT_VERSION = 5.0;
				TARGETED_DEVICE_FAMILY = 1;
			};
			name = Release;
		};
/* End XCBuildConfiguration section */

/* Begin XCConfigurationList section */
		3D29A90E234CA6EB008858B9 /* Build configuration list for PBXProject "foostourney" */ = {
			isa = XCConfigurationList;
			buildConfigurations = (
				3D29A925234CA6ED008858B9 /* Debug */,
				3D29A926234CA6ED008858B9 /* Release */,
			);
			defaultConfigurationIsVisible = 0;
			defaultConfigurationName = Release;
		};
		3D29A927234CA6ED008858B9 /* Build configuration list for PBXNativeTarget "foostourney" */ = {
			isa = XCConfigurationList;
			buildConfigurations = (
				3D29A928234CA6ED008858B9 /* Debug */,
				3D29A929234CA6ED008858B9 /* Release */,
			);
			defaultConfigurationIsVisible = 0;
			defaultConfigurationName = Release;
		};
/* End XCConfigurationList section */
	};
	rootObject = 3D29A90B234CA6EB008858B9 /* Project object */;
}
